
Microsoft Visual Studio Solution File, Format Version 12.00
# Visual Studio Version 17
VisualStudioVersion = 17.11.35303.130
MinimumVisualStudioVersion = 10.0.40219.1
Project("{FAE04EC0-301F-11D3-BF4B-00C04F79EFBC}") = "Adilob.DesignPatterns.API", "Adilob.DesignPatterns.API\Adilob.DesignPatterns.API.csproj", "{50F784A3-AE2C-42FC-9321-E5EFA6FEEEA0}"
EndProject
Global
	GlobalSection(SolutionConfigurationPlatforms) = preSolution
		Debug|Any CPU = Debug|Any CPU
		Release|Any CPU = Release|Any CPU
	EndGlobalSection
	GlobalSection(ProjectConfigurationPlatforms) = postSolution
		{50F784A3-AE2C-42FC-9321-E5EFA6FEEEA0}.Debug|Any CPU.ActiveCfg = Debug|Any CPU
		{50F784A3-AE2C-42FC-9321-E5EFA6FEEEA0}.Debug|Any CPU.Build.0 = Debug|Any CPU
		{50F784A3-AE2C-42FC-9321-E5EFA6FEEEA0}.Release|Any CPU.ActiveCfg = Release|Any CPU
		{50F784A3-AE2C-42FC-9321-E5EFA6FEEEA0}.Release|Any CPU.Build.0 = Release|Any CPU
	EndGlobalSection
	GlobalSection(SolutionProperties) = preSolution
		HideSolutionNode = FALSE
	EndGlobalSection
	GlobalSection(ExtensibilityGlobals) = postSolution
		SolutionGuid = {C2360D01-E6D7-4E2A-998F-46DCABA117EE}
	EndGlobalSection
EndGlobal
